// !$*UTF8*$!
{
	archiveVersion = 1;
	classes = {
	};
	objectVersion = 46;
	objects = {

/* Begin PBXBuildFile section */
		05827BF1189AE87E00EFE207 /* Foundation.framework in Frameworks */ = {isa = PBXBuildFile; fileRef = 05827BF0189AE87E00EFE207 /* Foundation.framework */; };
		05827BF3189AE87E00EFE207 /* CoreGraphics.framework in Frameworks */ = {isa = PBXBuildFile; fileRef = 05827BF2189AE87E00EFE207 /* CoreGraphics.framework */; };
		05827BF5189AE87E00EFE207 /* UIKit.framework in Frameworks */ = {isa = PBXBuildFile; fileRef = 05827BF4189AE87E00EFE207 /* UIKit.framework */; };
		05827BF7189AE87E00EFE207 /* CoreData.framework in Frameworks */ = {isa = PBXBuildFile; fileRef = 05827BF6189AE87E00EFE207 /* CoreData.framework */; };
		05827BFD189AE87E00EFE207 /* InfoPlist.strings in Resources */ = {isa = PBXBuildFile; fileRef = 05827BFB189AE87E00EFE207 /* InfoPlist.strings */; };
		05827BFF189AE87E00EFE207 /* main.m in Sources */ = {isa = PBXBuildFile; fileRef = 05827BFE189AE87E00EFE207 /* main.m */; };
		05827C03189AE87E00EFE207 /* AppDelegate.m in Sources */ = {isa = PBXBuildFile; fileRef = 05827C02189AE87E00EFE207 /* AppDelegate.m */; };
		05827C06189AE87E00EFE207 /* Main.storyboard in Resources */ = {isa = PBXBuildFile; fileRef = 05827C04189AE87E00EFE207 /* Main.storyboard */; };
		05827C09189AE87E00EFE207 /* PeekABoo.xcdatamodeld in Sources */ = {isa = PBXBuildFile; fileRef = 05827C07189AE87E00EFE207 /* PeekABoo.xcdatamodeld */; };
		05827C0C189AE87E00EFE207 /* MasterViewController.m in Sources */ = {isa = PBXBuildFile; fileRef = 05827C0B189AE87E00EFE207 /* MasterViewController.m */; };
		05827C0F189AE87E00EFE207 /* DetailViewController.m in Sources */ = {isa = PBXBuildFile; fileRef = 05827C0E189AE87E00EFE207 /* DetailViewController.m */; };
		05827C11189AE87E00EFE207 /* Images.xcassets in Resources */ = {isa = PBXBuildFile; fileRef = 05827C10189AE87E00EFE207 /* Images.xcassets */; };
		05827C18189AE87E00EFE207 /* XCTest.framework in Frameworks */ = {isa = PBXBuildFile; fileRef = 05827C17189AE87E00EFE207 /* XCTest.framework */; };
		05827C19189AE87E00EFE207 /* Foundation.framework in Frameworks */ = {isa = PBXBuildFile; fileRef = 05827BF0189AE87E00EFE207 /* Foundation.framework */; };
		05827C1A189AE87E00EFE207 /* UIKit.framework in Frameworks */ = {isa = PBXBuildFile; fileRef = 05827BF4189AE87E00EFE207 /* UIKit.framework */; };
		05827C1B189AE87E00EFE207 /* CoreData.framework in Frameworks */ = {isa = PBXBuildFile; fileRef = 05827BF6189AE87E00EFE207 /* CoreData.framework */; };
		05827C23189AE87E00EFE207 /* InfoPlist.strings in Resources */ = {isa = PBXBuildFile; fileRef = 05827C21189AE87E00EFE207 /* InfoPlist.strings */; };
		05827C25189AE87E00EFE207 /* PeekABooTests.m in Sources */ = {isa = PBXBuildFile; fileRef = 05827C24189AE87E00EFE207 /* PeekABooTests.m */; };
		05827C2F189AEFC600EFE207 /* 100x150.gif in Resources */ = {isa = PBXBuildFile; fileRef = 05827C2E189AEFC600EFE207 /* 100x150.gif */; };
		05827C32189AF01A00EFE207 /* AddUserViewController.m in Sources */ = {isa = PBXBuildFile; fileRef = 05827C31189AF01A00EFE207 /* AddUserViewController.m */; };
		05827C35189AF1AC00EFE207 /* User.m in Sources */ = {isa = PBXBuildFile; fileRef = 05827C34189AF1AC00EFE207 /* User.m */; };
		05827C38189B05C800EFE207 /* ImageCollectionCell.m in Sources */ = {isa = PBXBuildFile; fileRef = 05827C37189B05C800EFE207 /* ImageCollectionCell.m */; };
/* End PBXBuildFile section */

/* Begin PBXContainerItemProxy section */
		05827C1C189AE87E00EFE207 /* PBXContainerItemProxy */ = {
			isa = PBXContainerItemProxy;
			containerPortal = 05827BE5189AE87E00EFE207 /* Project object */;
			proxyType = 1;
			remoteGlobalIDString = 05827BEC189AE87E00EFE207;
			remoteInfo = PeekABoo;
		};
/* End PBXContainerItemProxy section */

/* Begin PBXFileReference section */
		05827BED189AE87E00EFE207 /* PeekABoo.app */ = {isa = PBXFileReference; explicitFileType = wrapper.application; includeInIndex = 0; path = PeekABoo.app; sourceTree = BUILT_PRODUCTS_DIR; };
		05827BF0189AE87E00EFE207 /* Foundation.framework */ = {isa = PBXFileReference; lastKnownFileType = wrapper.framework; name = Foundation.framework; path = System/Library/Frameworks/Foundation.framework; sourceTree = SDKROOT; };
		05827BF2189AE87E00EFE207 /* CoreGraphics.framework */ = {isa = PBXFileReference; lastKnownFileType = wrapper.framework; name = CoreGraphics.framework; path = System/Library/Frameworks/CoreGraphics.framework; sourceTree = SDKROOT; };
		05827BF4189AE87E00EFE207 /* UIKit.framework */ = {isa = PBXFileReference; lastKnownFileType = wrapper.framework; name = UIKit.framework; path = System/Library/Frameworks/UIKit.framework; sourceTree = SDKROOT; };
		05827BF6189AE87E00EFE207 /* CoreData.framework */ = {isa = PBXFileReference; lastKnownFileType = wrapper.framework; name = CoreData.framework; path = System/Library/Frameworks/CoreData.framework; sourceTree = SDKROOT; };
		05827BFA189AE87E00EFE207 /* PeekABoo-Info.plist */ = {isa = PBXFileReference; lastKnownFileType = text.plist.xml; path = "PeekABoo-Info.plist"; sourceTree = "<group>"; };
		05827BFC189AE87E00EFE207 /* en */ = {isa = PBXFileReference; lastKnownFileType = text.plist.strings; name = en; path = en.lproj/InfoPlist.strings; sourceTree = "<group>"; };
		05827BFE189AE87E00EFE207 /* main.m */ = {isa = PBXFileReference; lastKnownFileType = sourcecode.c.objc; path = main.m; sourceTree = "<group>"; };
		05827C00189AE87E00EFE207 /* PeekABoo-Prefix.pch */ = {isa = PBXFileReference; lastKnownFileType = sourcecode.c.h; path = "PeekABoo-Prefix.pch"; sourceTree = "<group>"; };
		05827C01189AE87E00EFE207 /* AppDelegate.h */ = {isa = PBXFileReference; lastKnownFileType = sourcecode.c.h; path = AppDelegate.h; sourceTree = "<group>"; };
		05827C02189AE87E00EFE207 /* AppDelegate.m */ = {isa = PBXFileReference; lastKnownFileType = sourcecode.c.objc; path = AppDelegate.m; sourceTree = "<group>"; };
		05827C05189AE87E00EFE207 /* Base */ = {isa = PBXFileReference; lastKnownFileType = file.storyboard; name = Base; path = Base.lproj/Main.storyboard; sourceTree = "<group>"; };
		05827C08189AE87E00EFE207 /* PeekABoo.xcdatamodel */ = {isa = PBXFileReference; lastKnownFileType = wrapper.xcdatamodel; path = PeekABoo.xcdatamodel; sourceTree = "<group>"; };
		05827C0A189AE87E00EFE207 /* MasterViewController.h */ = {isa = PBXFileReference; lastKnownFileType = sourcecode.c.h; path = MasterViewController.h; sourceTree = "<group>"; };
		05827C0B189AE87E00EFE207 /* MasterViewController.m */ = {isa = PBXFileReference; lastKnownFileType = sourcecode.c.objc; path = MasterViewController.m; sourceTree = "<group>"; };
		05827C0D189AE87E00EFE207 /* DetailViewController.h */ = {isa = PBXFileReference; lastKnownFileType = sourcecode.c.h; path = DetailViewController.h; sourceTree = "<group>"; };
		05827C0E189AE87E00EFE207 /* DetailViewController.m */ = {isa = PBXFileReference; lastKnownFileType = sourcecode.c.objc; path = DetailViewController.m; sourceTree = "<group>"; };
		05827C10189AE87E00EFE207 /* Images.xcassets */ = {isa = PBXFileReference; lastKnownFileType = folder.assetcatalog; path = Images.xcassets; sourceTree = "<group>"; };
		05827C16189AE87E00EFE207 /* PeekABooTests.xctest */ = {isa = PBXFileReference; explicitFileType = wrapper.cfbundle; includeInIndex = 0; path = PeekABooTests.xctest; sourceTree = BUILT_PRODUCTS_DIR; };
		05827C17189AE87E00EFE207 /* XCTest.framework */ = {isa = PBXFileReference; lastKnownFileType = wrapper.framework; name = XCTest.framework; path = Library/Frameworks/XCTest.framework; sourceTree = DEVELOPER_DIR; };
		05827C20189AE87E00EFE207 /* PeekABooTests-Info.plist */ = {isa = PBXFileReference; lastKnownFileType = text.plist.xml; path = "PeekABooTests-Info.plist"; sourceTree = "<group>"; };
		05827C22189AE87E00EFE207 /* en */ = {isa = PBXFileReference; lastKnownFileType = text.plist.strings; name = en; path = en.lproj/InfoPlist.strings; sourceTree = "<group>"; };
		05827C24189AE87E00EFE207 /* PeekABooTests.m */ = {isa = PBXFileReference; lastKnownFileType = sourcecode.c.objc; path = PeekABooTests.m; sourceTree = "<group>"; };
		05827C2E189AEFC600EFE207 /* 100x150.gif */ = {isa = PBXFileReference; lastKnownFileType = image.gif; path = 100x150.gif; sourceTree = "<group>"; };
		05827C30189AF01A00EFE207 /* AddUserViewController.h */ = {isa = PBXFileReference; fileEncoding = 4; lastKnownFileType = sourcecode.c.h; path = AddUserViewController.h; sourceTree = "<group>"; };
		05827C31189AF01A00EFE207 /* AddUserViewController.m */ = {isa = PBXFileReference; fileEncoding = 4; lastKnownFileType = sourcecode.c.objc; path = AddUserViewController.m; sourceTree = "<group>"; };
		05827C33189AF1AC00EFE207 /* User.h */ = {isa = PBXFileReference; fileEncoding = 4; lastKnownFileType = sourcecode.c.h; path = User.h; sourceTree = "<group>"; };
		05827C34189AF1AC00EFE207 /* User.m */ = {isa = PBXFileReference; fileEncoding = 4; lastKnownFileType = sourcecode.c.objc; path = User.m; sourceTree = "<group>"; };
		05827C36189B05C800EFE207 /* ImageCollectionCell.h */ = {isa = PBXFileReference; fileEncoding = 4; lastKnownFileType = sourcecode.c.h; path = ImageCollectionCell.h; sourceTree = "<group>"; };
		05827C37189B05C800EFE207 /* ImageCollectionCell.m */ = {isa = PBXFileReference; fileEncoding = 4; lastKnownFileType = sourcecode.c.objc; path = ImageCollectionCell.m; sourceTree = "<group>"; };
/* End PBXFileReference section */

/* Begin PBXFrameworksBuildPhase section */
		05827BEA189AE87E00EFE207 /* Frameworks */ = {
			isa = PBXFrameworksBuildPhase;
			buildActionMask = 2147483647;
			files = (
				05827BF3189AE87E00EFE207 /* CoreGraphics.framework in Frameworks */,
				05827BF7189AE87E00EFE207 /* CoreData.framework in Frameworks */,
				05827BF5189AE87E00EFE207 /* UIKit.framework in Frameworks */,
				05827BF1189AE87E00EFE207 /* Foundation.framework in Frameworks */,
			);
			runOnlyForDeploymentPostprocessing = 0;
		};
		05827C13189AE87E00EFE207 /* Frameworks */ = {
			isa = PBXFrameworksBuildPhase;
			buildActionMask = 2147483647;
			files = (
				05827C18189AE87E00EFE207 /* XCTest.framework in Frameworks */,
				05827C1B189AE87E00EFE207 /* CoreData.framework in Frameworks */,
				05827C1A189AE87E00EFE207 /* UIKit.framework in Frameworks */,
				05827C19189AE87E00EFE207 /* Foundation.framework in Frameworks */,
			);
			runOnlyForDeploymentPostprocessing = 0;
		};
/* End PBXFrameworksBuildPhase section */

/* Begin PBXGroup section */
		05827BE4189AE87E00EFE207 = {
			isa = PBXGroup;
			children = (
				05827BF8189AE87E00EFE207 /* PeekABoo */,
				05827C1E189AE87E00EFE207 /* PeekABooTests */,
				05827BEF189AE87E00EFE207 /* Frameworks */,
				05827BEE189AE87E00EFE207 /* Products */,
			);
			sourceTree = "<group>";
		};
		05827BEE189AE87E00EFE207 /* Products */ = {
			isa = PBXGroup;
			children = (
				05827BED189AE87E00EFE207 /* PeekABoo.app */,
				05827C16189AE87E00EFE207 /* PeekABooTests.xctest */,
			);
			name = Products;
			sourceTree = "<group>";
		};
		05827BEF189AE87E00EFE207 /* Frameworks */ = {
			isa = PBXGroup;
			children = (
				05827BF0189AE87E00EFE207 /* Foundation.framework */,
				05827BF2189AE87E00EFE207 /* CoreGraphics.framework */,
				05827BF4189AE87E00EFE207 /* UIKit.framework */,
				05827BF6189AE87E00EFE207 /* CoreData.framework */,
				05827C17189AE87E00EFE207 /* XCTest.framework */,
			);
			name = Frameworks;
			sourceTree = "<group>";
		};
		05827BF8189AE87E00EFE207 /* PeekABoo */ = {
			isa = PBXGroup;
			children = (
				05827C01189AE87E00EFE207 /* AppDelegate.h */,
				05827C02189AE87E00EFE207 /* AppDelegate.m */,
				05827C04189AE87E00EFE207 /* Main.storyboard */,
				05827C30189AF01A00EFE207 /* AddUserViewController.h */,
				05827C31189AF01A00EFE207 /* AddUserViewController.m */,
				05827C0A189AE87E00EFE207 /* MasterViewController.h */,
				05827C0B189AE87E00EFE207 /* MasterViewController.m */,
				05827C36189B05C800EFE207 /* ImageCollectionCell.h */,
				05827C37189B05C800EFE207 /* ImageCollectionCell.m */,
				05827C0D189AE87E00EFE207 /* DetailViewController.h */,
				05827C0E189AE87E00EFE207 /* DetailViewController.m */,
				05827C10189AE87E00EFE207 /* Images.xcassets */,
				05827C07189AE87E00EFE207 /* PeekABoo.xcdatamodeld */,
				05827C33189AF1AC00EFE207 /* User.h */,
				05827C34189AF1AC00EFE207 /* User.m */,
				05827BF9189AE87E00EFE207 /* Supporting Files */,
			);
			path = PeekABoo;
			sourceTree = "<group>";
		};
		05827BF9189AE87E00EFE207 /* Supporting Files */ = {
			isa = PBXGroup;
			children = (
				05827C2E189AEFC600EFE207 /* 100x150.gif */,
				05827BFA189AE87E00EFE207 /* PeekABoo-Info.plist */,
				05827BFB189AE87E00EFE207 /* InfoPlist.strings */,
				05827BFE189AE87E00EFE207 /* main.m */,
				05827C00189AE87E00EFE207 /* PeekABoo-Prefix.pch */,
			);
			name = "Supporting Files";
			sourceTree = "<group>";
		};
		05827C1E189AE87E00EFE207 /* PeekABooTests */ = {
			isa = PBXGroup;
			children = (
				05827C24189AE87E00EFE207 /* PeekABooTests.m */,
				05827C1F189AE87E00EFE207 /* Supporting Files */,
			);
			path = PeekABooTests;
			sourceTree = "<group>";
		};
		05827C1F189AE87E00EFE207 /* Supporting Files */ = {
			isa = PBXGroup;
			children = (
				05827C20189AE87E00EFE207 /* PeekABooTests-Info.plist */,
				05827C21189AE87E00EFE207 /* InfoPlist.strings */,
			);
			name = "Supporting Files";
			sourceTree = "<group>";
		};
/* End PBXGroup section */

/* Begin PBXNativeTarget section */
		05827BEC189AE87E00EFE207 /* PeekABoo */ = {
			isa = PBXNativeTarget;
			buildConfigurationList = 05827C28189AE87E00EFE207 /* Build configuration list for PBXNativeTarget "PeekABoo" */;
			buildPhases = (
				05827BE9189AE87E00EFE207 /* Sources */,
				05827BEA189AE87E00EFE207 /* Frameworks */,
				05827BEB189AE87E00EFE207 /* Resources */,
			);
			buildRules = (
			);
			dependencies = (
			);
			name = PeekABoo;
			productName = PeekABoo;
			productReference = 05827BED189AE87E00EFE207 /* PeekABoo.app */;
			productType = "com.apple.product-type.application";
		};
		05827C15189AE87E00EFE207 /* PeekABooTests */ = {
			isa = PBXNativeTarget;
			buildConfigurationList = 05827C2B189AE87E00EFE207 /* Build configuration list for PBXNativeTarget "PeekABooTests" */;
			buildPhases = (
				05827C12189AE87E00EFE207 /* Sources */,
				05827C13189AE87E00EFE207 /* Frameworks */,
				05827C14189AE87E00EFE207 /* Resources */,
			);
			buildRules = (
			);
			dependencies = (
				05827C1D189AE87E00EFE207 /* PBXTargetDependency */,
			);
			name = PeekABooTests;
			productName = PeekABooTests;
			productReference = 05827C16189AE87E00EFE207 /* PeekABooTests.xctest */;
			productType = "com.apple.product-type.bundle.unit-test";
		};
/* End PBXNativeTarget section */

/* Begin PBXProject section */
		05827BE5189AE87E00EFE207 /* Project object */ = {
			isa = PBXProject;
			attributes = {
				LastUpgradeCheck = 0500;
				ORGANIZATIONNAME = "Big Red INC";
				TargetAttributes = {
					05827C15189AE87E00EFE207 = {
						TestTargetID = 05827BEC189AE87E00EFE207;
					};
				};
			};
			buildConfigurationList = 05827BE8189AE87E00EFE207 /* Build configuration list for PBXProject "PeekABoo" */;
			compatibilityVersion = "Xcode 3.2";
			developmentRegion = English;
			hasScannedForEncodings = 0;
			knownRegions = (
				en,
				Base,
			);
			mainGroup = 05827BE4189AE87E00EFE207;
			productRefGroup = 05827BEE189AE87E00EFE207 /* Products */;
			projectDirPath = "";
			projectRoot = "";
			targets = (
				05827BEC189AE87E00EFE207 /* PeekABoo */,
				05827C15189AE87E00EFE207 /* PeekABooTests */,
			);
		};
/* End PBXProject section */

/* Begin PBXResourcesBuildPhase section */
		05827BEB189AE87E00EFE207 /* Resources */ = {
			isa = PBXResourcesBuildPhase;
			buildActionMask = 2147483647;
			files = (
				05827C11189AE87E00EFE207 /* Images.xcassets in Resources */,
				05827BFD189AE87E00EFE207 /* InfoPlist.strings in Resources */,
				05827C2F189AEFC600EFE207 /* 100x150.gif in Resources */,
				05827C06189AE87E00EFE207 /* Main.storyboard in Resources */,
			);
			runOnlyForDeploymentPostprocessing = 0;
		};
		05827C14189AE87E00EFE207 /* Resources */ = {
			isa = PBXResourcesBuildPhase;
			buildActionMask = 2147483647;
			files = (
				05827C23189AE87E00EFE207 /* InfoPlist.strings in Resources */,
			);
			runOnlyForDeploymentPostprocessing = 0;
		};
/* End PBXResourcesBuildPhase section */

/* Begin PBXSourcesBuildPhase section */
		05827BE9189AE87E00EFE207 /* Sources */ = {
			isa = PBXSourcesBuildPhase;
			buildActionMask = 2147483647;
			files = (
				05827C0F189AE87E00EFE207 /* DetailViewController.m in Sources */,
				05827C35189AF1AC00EFE207 /* User.m in Sources */,
				05827C0C189AE87E00EFE207 /* MasterViewController.m in Sources */,
				05827C03189AE87E00EFE207 /* AppDelegate.m in Sources */,
				05827BFF189AE87E00EFE207 /* main.m in Sources */,
				05827C09189AE87E00EFE207 /* PeekABoo.xcdatamodeld in Sources */,
				05827C32189AF01A00EFE207 /* AddUserViewController.m in Sources */,
				05827C38189B05C800EFE207 /* ImageCollectionCell.m in Sources */,
			);
			runOnlyForDeploymentPostprocessing = 0;
		};
		05827C12189AE87E00EFE207 /* Sources */ = {
			isa = PBXSourcesBuildPhase;
			buildActionMask = 2147483647;
			files = (
				05827C25189AE87E00EFE207 /* PeekABooTests.m in Sources */,
			);
			runOnlyForDeploymentPostprocessing = 0;
		};
/* End PBXSourcesBuildPhase section */

/* Begin PBXTargetDependency section */
		05827C1D189AE87E00EFE207 /* PBXTargetDependency */ = {
			isa = PBXTargetDependency;
			target = 05827BEC189AE87E00EFE207 /* PeekABoo */;
			targetProxy = 05827C1C189AE87E00EFE207 /* PBXContainerItemProxy */;
		};
/* End PBXTargetDependency section */

/* Begin PBXVariantGroup section */
		05827BFB189AE87E00EFE207 /* InfoPlist.strings */ = {
			isa = PBXVariantGroup;
			children = (
				05827BFC189AE87E00EFE207 /* en */,
			);
			name = InfoPlist.strings;
			sourceTree = "<group>";
		};
		05827C04189AE87E00EFE207 /* Main.storyboard */ = {
			isa = PBXVariantGroup;
			children = (
				05827C05189AE87E00EFE207 /* Base */,
			);
			name = Main.storyboard;
			sourceTree = "<group>";
		};
		05827C21189AE87E00EFE207 /* InfoPlist.strings */ = {
			isa = PBXVariantGroup;
			children = (
				05827C22189AE87E00EFE207 /* en */,
			);
			name = InfoPlist.strings;
			sourceTree = "<group>";
		};
/* End PBXVariantGroup section */

/* Begin XCBuildConfiguration section */
		05827C26189AE87E00EFE207 /* Debug */ = {
			isa = XCBuildConfiguration;
			buildSettings = {
				ALWAYS_SEARCH_USER_PATHS = NO;
				ARCHS = "$(ARCHS_STANDARD_INCLUDING_64_BIT)";
				CLANG_CXX_LANGUAGE_STANDARD = "gnu++0x";
				CLANG_CXX_LIBRARY = "libc++";
				CLANG_ENABLE_MODULES = YES;
				CLANG_ENABLE_OBJC_ARC = YES;
				CLANG_WARN_BOOL_CONVERSION = YES;
				CLANG_WARN_CONSTANT_CONVERSION = YES;
				CLANG_WARN_DIRECT_OBJC_ISA_USAGE = YES_ERROR;
				CLANG_WARN_EMPTY_BODY = YES;
				CLANG_WARN_ENUM_CONVERSION = YES;
				CLANG_WARN_INT_CONVERSION = YES;
				CLANG_WARN_OBJC_ROOT_CLASS = YES_ERROR;
				CLANG_WARN__DUPLICATE_METHOD_MATCH = YES;
				"CODE_SIGN_IDENTITY[sdk=iphoneos*]" = "iPhone Developer";
				COPY_PHASE_STRIP = NO;
				GCC_C_LANGUAGE_STANDARD = gnu99;
				GCC_DYNAMIC_NO_PIC = NO;
				GCC_OPTIMIZATION_LEVEL = 0;
				GCC_PREPROCESSOR_DEFINITIONS = (
					"DEBUG=1",
					"$(inherited)",
				);
				GCC_SYMBOLS_PRIVATE_EXTERN = NO;
				GCC_WARN_64_TO_32_BIT_CONVERSION = YES;
				GCC_WARN_ABOUT_RETURN_TYPE = YES_ERROR;
				GCC_WARN_UNDECLARED_SELECTOR = YES;
				GCC_WARN_UNINITIALIZED_AUTOS = YES;
				GCC_WARN_UNUSED_FUNCTION = YES;
				GCC_WARN_UNUSED_VARIABLE = YES;
				IPHONEOS_DEPLOYMENT_TARGET = 7.0;
				ONLY_ACTIVE_ARCH = YES;
				SDKROOT = iphoneos;
			};
			name = Debug;
		};
		05827C27189AE87E00EFE207 /* Release */ = {
			isa = XCBuildConfiguration;
			buildSettings = {
				ALWAYS_SEARCH_USER_PATHS = NO;
				ARCHS = "$(ARCHS_STANDARD_INCLUDING_64_BIT)";
				CLANG_CXX_LANGUAGE_STANDARD = "gnu++0x";
				CLANG_CXX_LIBRARY = "libc++";
				CLANG_ENABLE_MODULES = YES;
				CLANG_ENABLE_OBJC_ARC = YES;
				CLANG_WARN_BOOL_CONVERSION = YES;
				CLANG_WARN_CONSTANT_CONVERSION = YES;
				CLANG_WARN_DIRECT_OBJC_ISA_USAGE = YES_ERROR;
				CLANG_WARN_EMPTY_BODY = YES;
				CLANG_WARN_ENUM_CONVERSION = YES;
				CLANG_WARN_INT_CONVERSION = YES;
				CLANG_WARN_OBJC_ROOT_CLASS = YES_ERROR;
				CLANG_WARN__DUPLICATE_METHOD_MATCH = YES;
				"CODE_SIGN_IDENTITY[sdk=iphoneos*]" = "iPhone Developer";
				COPY_PHASE_STRIP = YES;
				ENABLE_NS_ASSERTIONS = NO;
				GCC_C_LANGUAGE_STANDARD = gnu99;
				GCC_WARN_64_TO_32_BIT_CONVERSION = YES;
				GCC_WARN_ABOUT_RETURN_TYPE = YES_ERROR;
				GCC_WARN_UNDECLARED_SELECTOR = YES;
				GCC_WARN_UNINITIALIZED_AUTOS = YES;
				GCC_WARN_UNUSED_FUNCTION = YES;
				GCC_WARN_UNUSED_VARIABLE = YES;
				IPHONEOS_DEPLOYMENT_TARGET = 7.0;
				SDKROOT = iphoneos;
				VALIDATE_PRODUCT = YES;
			};
			name = Release;
		};
		05827C29189AE87E00EFE207 /* Debug */ = {
			isa = XCBuildConfiguration;
			buildSettings = {
				ASSETCATALOG_COMPILER_APPICON_NAME = AppIcon;
				ASSETCATALOG_COMPILER_LAUNCHIMAGE_NAME = LaunchImage;
				GCC_PRECOMPILE_PREFIX_HEADER = YES;
				GCC_PREFIX_HEADER = "PeekABoo/PeekABoo-Prefix.pch";
				INFOPLIST_FILE = "PeekABoo/PeekABoo-Info.plist";
				PRODUCT_NAME = "$(TARGET_NAME)";
				WRAPPER_EXTENSION = app;
			};
			name = Debug;
		};
		05827C2A189AE87E00EFE207 /* Release */ = {
			isa = XCBuildConfiguration;
			buildSettings = {
				ASSETCATALOG_COMPILER_APPICON_NAME = AppIcon;
				ASSETCATALOG_COMPILER_LAUNCHIMAGE_NAME = LaunchImage;
				GCC_PRECOMPILE_PREFIX_HEADER = YES;
				GCC_PREFIX_HEADER = "PeekABoo/PeekABoo-Prefix.pch";
				INFOPLIST_FILE = "PeekABoo/PeekABoo-Info.plist";
				PRODUCT_NAME = "$(TARGET_NAME)";
				WRAPPER_EXTENSION = app;
			};
			name = Release;
		};
		05827C2C189AE87E00EFE207 /* Debug */ = {
			isa = XCBuildConfiguration;
			buildSettings = {
				ARCHS = "$(ARCHS_STANDARD_INCLUDING_64_BIT)";
				BUNDLE_LOADER = "$(BUILT_PRODUCTS_DIR)/PeekABoo.app/PeekABoo";
				FRAMEWORK_SEARCH_PATHS = (
					"$(SDKROOT)/Developer/Library/Frameworks",
					"$(inherited)",
					"$(DEVELOPER_FRAMEWORKS_DIR)",
				);
				GCC_PRECOMPILE_PREFIX_HEADER = YES;
				GCC_PREFIX_HEADER = "PeekABoo/PeekABoo-Prefix.pch";
				GCC_PREPROCESSOR_DEFINITIONS = (
					"DEBUG=1",
					"$(inherited)",
				);
				INFOPLIST_FILE = "PeekABooTests/PeekABooTests-Info.plist";
				PRODUCT_NAME = "$(TARGET_NAME)";
				TEST_HOST = "$(BUNDLE_LOADER)";
				WRAPPER_EXTENSION = xctest;
			};
			name = Debug;
		};
		05827C2D189AE87E00EFE207 /* Release */ = {
			isa = XCBuildConfiguration;
			buildSettings = {
				ARCHS = "$(ARCHS_STANDARD_INCLUDING_64_BIT)";
				BUNDLE_LOADER = "$(BUILT_PRODUCTS_DIR)/PeekABoo.app/PeekABoo";
				FRAMEWORK_SEARCH_PATHS = (
					"$(SDKROOT)/Developer/Library/Frameworks",
					"$(inherited)",
					"$(DEVELOPER_FRAMEWORKS_DIR)",
				);
				GCC_PRECOMPILE_PREFIX_HEADER = YES;
				GCC_PREFIX_HEADER = "PeekABoo/PeekABoo-Prefix.pch";
				INFOPLIST_FILE = "PeekABooTests/PeekABooTests-Info.plist";
				PRODUCT_NAME = "$(TARGET_NAME)";
				TEST_HOST = "$(BUNDLE_LOADER)";
				WRAPPER_EXTENSION = xctest;
			};
			name = Release;
		};
/* End XCBuildConfiguration section */

/* Begin XCConfigurationList section */
		05827BE8189AE87E00EFE207 /* Build configuration list for PBXProject "PeekABoo" */ = {
			isa = XCConfigurationList;
			buildConfigurations = (
				05827C26189AE87E00EFE207 /* Debug */,
				05827C27189AE87E00EFE207 /* Release */,
			);
			defaultConfigurationIsVisible = 0;
			defaultConfigurationName = Release;
		};
		05827C28189AE87E00EFE207 /* Build configuration list for PBXNativeTarget "PeekABoo" */ = {
			isa = XCConfigurationList;
			buildConfigurations = (
				05827C29189AE87E00EFE207 /* Debug */,
				05827C2A189AE87E00EFE207 /* Release */,
			);
			defaultConfigurationIsVisible = 0;
		};
		05827C2B189AE87E00EFE207 /* Build configuration list for PBXNativeTarget "PeekABooTests" */ = {
			isa = XCConfigurationList;
			buildConfigurations = (
				05827C2C189AE87E00EFE207 /* Debug */,
				05827C2D189AE87E00EFE207 /* Release */,
			);
			defaultConfigurationIsVisible = 0;
		};
/* End XCConfigurationList section */

/* Begin XCVersionGroup section */
		05827C07189AE87E00EFE207 /* PeekABoo.xcdatamodeld */ = {
			isa = XCVersionGroup;
			children = (
				05827C08189AE87E00EFE207 /* PeekABoo.xcdatamodel */,
			);
			currentVersion = 05827C08189AE87E00EFE207 /* PeekABoo.xcdatamodel */;
			path = PeekABoo.xcdatamodeld;
			sourceTree = "<group>";
			versionGroupType = wrapper.xcdatamodel;
		};
/* End XCVersionGroup section */
	};
	rootObject = 05827BE5189AE87E00EFE207 /* Project object */;
}
